
Microsoft Visual Studio Solution File, Format Version 12.00
# Visual Studio 2012
Project("{FAE04EC0-301F-11D3-BF4B-00C04F79EFBC}") = "cometd", "cometd.csproj", "{CE60C8C6-3F04-447B-946C-D22397E39EC6}"
EndProject
Project("{2150E333-8FDC-42A3-9474-1A3956D46DE8}") = "Solution Items", "Solution Items", "{081F36F2-B368-4830-AA4D-6F707A5CF024}"
	ProjectSection(SolutionItems) = preProject
		cometd.nuspec = cometd.nuspec
	EndProjectSection
EndProject
Global
	GlobalSection(SolutionConfigurationPlatforms) = preSolution
		Debug|Any CPU = Debug|Any CPU
		Release|Any CPU = Release|Any CPU
	EndGlobalSection
	GlobalSection(ProjectConfigurationPlatforms) = postSolution
		{CE60C8C6-3F04-447B-946C-D22397E39EC6}.Debug|Any CPU.ActiveCfg = Release|Any CPU
		{CE60C8C6-3F04-447B-946C-D22397E39EC6}.Debug|Any CPU.Build.0 = Release|Any CPU
		{CE60C8C6-3F04-447B-946C-D22397E39EC6}.Release|Any CPU.ActiveCfg = Release|Any CPU
		{CE60C8C6-3F04-447B-946C-D22397E39EC6}.Release|Any CPU.Build.0 = Release|Any CPU
	EndGlobalSection
	GlobalSection(SolutionProperties) = preSolution
		HideSolutionNode = FALSE
	EndGlobalSection
EndGlobal
